{
  "name": "vue-confirm-form",
  "version": "1.1.0",
  "lockfileVersion": 1,
  "requires": true,
  "dependencies": {
    "rlv-styles": {
      "version": "1.1.0",
      "resolved": "https://registry.npmjs.org/rlv-styles/-/rlv-styles-1.1.0.tgz",
      "integrity": "sha512-6BYkai80Ehu/9tPNvZ9rKo9udPg4YKVYIi5pOhKUGAQNH/SkyGgAFtpIlqjlK+ygkHNtwTsRbE3PbZrVNr+Avw==",
      "dev": true
    }
  }
}
